
Microsoft Visual Studio Solution File, Format Version 12.00
# Visual Studio Version 16
VisualStudioVersion = 25.0.1706.0
MinimumVisualStudioVersion = 10.0.40219.1
Project("{FAE04EC0-301F-11D3-BF4B-00C04F79EFBC}") = "adley-store", "adley-store\adley-store.csproj", "{32796A0B-4FE7-433A-BFEE-708BBB6EA89C}"
EndProject
Global
	GlobalSection(SolutionConfigurationPlatforms) = preSolution
		Debug|Any CPU = Debug|Any CPU
		Release|Any CPU = Release|Any CPU
	EndGlobalSection
	GlobalSection(ProjectConfigurationPlatforms) = postSolution
		{32796A0B-4FE7-433A-BFEE-708BBB6EA89C}.Debug|Any CPU.ActiveCfg = Debug|Any CPU
		{32796A0B-4FE7-433A-BFEE-708BBB6EA89C}.Debug|Any CPU.Build.0 = Debug|Any CPU
		{32796A0B-4FE7-433A-BFEE-708BBB6EA89C}.Release|Any CPU.ActiveCfg = Release|Any CPU
		{32796A0B-4FE7-433A-BFEE-708BBB6EA89C}.Release|Any CPU.Build.0 = Release|Any CPU
	EndGlobalSection
	GlobalSection(SolutionProperties) = preSolution
		HideSolutionNode = FALSE
	EndGlobalSection
	GlobalSection(ExtensibilityGlobals) = postSolution
		SolutionGuid = {78FD5F0A-22F9-48BC-BE4B-742E4BE11167}
	EndGlobalSection
EndGlobal
